PODS:
  - WeChatQRCodeScanner (1.2.0)

DEPENDENCIES:
  - WeChatQRCodeScanner (from `../`)

EXTERNAL SOURCES:
  WeChatQRCodeScanner:
    :path: "../"

SPEC CHECKSUMS:
  WeChatQRCodeScanner: 1abddaadc28adea4794e499c5e1d26703ba12bd6

PODFILE CHECKSUM: 9abf1e1769d374ca0b99ed86d545adbd02456814

COCOAPODS: 1.16.2
