PODS:
  - WeChatQRCodeScanner (1.0.1)

DEPENDENCIES:
  - WeChatQRCodeScanner (from `../`)

EXTERNAL SOURCES:
  WeChatQRCodeScanner:
    :path: "../"

SPEC CHECKSUMS:
  WeChatQRCodeScanner: a717b23a7a4c80c3bdb34bd700adcda937817a6a

PODFILE CHECKSUM: de06439c12004fc975d7a0e52fed5299b6df7dd4

COCOAPODS: 1.10.1
