PODS:
  - WeChatQRCodeScanner (1.2.0)

DEPENDENCIES:
  - WeChatQRCodeScanner (from `../`)

EXTERNAL SOURCES:
  WeChatQRCodeScanner:
    :path: "../"

SPEC CHECKSUMS:
  WeChatQRCodeScanner: 24086c7465d739d4dd201169e90e17973e7d824b

PODFILE CHECKSUM: 9abf1e1769d374ca0b99ed86d545adbd02456814

COCOAPODS: 1.12.1
